
Microsoft Visual Studio Solution File, Format Version 12.00
# Visual Studio 15
VisualStudioVersion = 15.0.27428.2037
MinimumVisualStudioVersion = 10.0.40219.1
Project("{FAE04EC0-301F-11D3-BF4B-00C04F79EFBC}") = "Shalong", "Shalong\Shalong.csproj", "{8CB5BB1F-8D0F-4070-8990-DE6671B0227E}"
EndProject
Global
	GlobalSection(SolutionConfigurationPlatforms) = preSolution
		CD_ROM|Any CPU = CD_ROM|Any CPU
		Debug|Any CPU = Debug|Any CPU
		DVD-5|Any CPU = DVD-5|Any CPU
		Release|Any CPU = Release|Any CPU
		SingleImage|Any CPU = SingleImage|Any CPU
	EndGlobalSection
	GlobalSection(ProjectConfigurationPlatforms) = postSolution
		{8CB5BB1F-8D0F-4070-8990-DE6671B0227E}.CD_ROM|Any CPU.ActiveCfg = Release|Any CPU
		{8CB5BB1F-8D0F-4070-8990-DE6671B0227E}.CD_ROM|Any CPU.Build.0 = Release|Any CPU
		{8CB5BB1F-8D0F-4070-8990-DE6671B0227E}.Debug|Any CPU.ActiveCfg = Debug|Any CPU
		{8CB5BB1F-8D0F-4070-8990-DE6671B0227E}.Debug|Any CPU.Build.0 = Debug|Any CPU
		{8CB5BB1F-8D0F-4070-8990-DE6671B0227E}.DVD-5|Any CPU.ActiveCfg = Debug|Any CPU
		{8CB5BB1F-8D0F-4070-8990-DE6671B0227E}.DVD-5|Any CPU.Build.0 = Debug|Any CPU
		{8CB5BB1F-8D0F-4070-8990-DE6671B0227E}.Release|Any CPU.ActiveCfg = Release|Any CPU
		{8CB5BB1F-8D0F-4070-8990-DE6671B0227E}.Release|Any CPU.Build.0 = Release|Any CPU
		{8CB5BB1F-8D0F-4070-8990-DE6671B0227E}.SingleImage|Any CPU.ActiveCfg = Release|Any CPU
		{8CB5BB1F-8D0F-4070-8990-DE6671B0227E}.SingleImage|Any CPU.Build.0 = Release|Any CPU
	EndGlobalSection
	GlobalSection(SolutionProperties) = preSolution
		HideSolutionNode = FALSE
	EndGlobalSection
	GlobalSection(ExtensibilityGlobals) = postSolution
		SolutionGuid = {26651B8B-5CAE-457B-89DF-7E0753C56915}
	EndGlobalSection
EndGlobal
